
Microsoft Visual Studio Solution File, Format Version 12.00
# Visual Studio Version 17
VisualStudioVersion = 17.8.34408.163
MinimumVisualStudioVersion = 10.0.40219.1
Project("{FAE04EC0-301F-11D3-BF4B-00C04F79EFBC}") = "Mission06_Klepacz", "Mission06_Klepacz\Mission06_Klepacz.csproj", "{1ABE35D8-B1CF-4EDF-9825-F82A23C6C075}"
EndProject
Global
	GlobalSection(SolutionConfigurationPlatforms) = preSolution
		Debug|Any CPU = Debug|Any CPU
		Release|Any CPU = Release|Any CPU
	EndGlobalSection
	GlobalSection(ProjectConfigurationPlatforms) = postSolution
		{1ABE35D8-B1CF-4EDF-9825-F82A23C6C075}.Debug|Any CPU.ActiveCfg = Debug|Any CPU
		{1ABE35D8-B1CF-4EDF-9825-F82A23C6C075}.Debug|Any CPU.Build.0 = Debug|Any CPU
		{1ABE35D8-B1CF-4EDF-9825-F82A23C6C075}.Release|Any CPU.ActiveCfg = Release|Any CPU
		{1ABE35D8-B1CF-4EDF-9825-F82A23C6C075}.Release|Any CPU.Build.0 = Release|Any CPU
	EndGlobalSection
	GlobalSection(SolutionProperties) = preSolution
		HideSolutionNode = FALSE
	EndGlobalSection
	GlobalSection(ExtensibilityGlobals) = postSolution
		SolutionGuid = {78AB6316-5A97-4941-AE4A-780D265DB1AE}
	EndGlobalSection
EndGlobal
